
Microsoft Visual Studio Solution File, Format Version 12.00
# Visual Studio Version 16
VisualStudioVersion = 16.0.30114.105
MinimumVisualStudioVersion = 10.0.40219.1
Project("{FAE04EC0-301F-11D3-BF4B-00C04F79EFBC}") = "API", "API\API.csproj", "{CEB5C13B-80F1-4FD9-B00D-A94C1A791DC5}"
EndProject
Project("{FAE04EC0-301F-11D3-BF4B-00C04F79EFBC}") = "Application", "Application\Application.csproj", "{6181EB76-0055-4349-9F17-FDBB686A2170}"
EndProject
Project("{FAE04EC0-301F-11D3-BF4B-00C04F79EFBC}") = "Persistence", "Persistence\Persistence.csproj", "{5D12F68E-B2C2-4ECB-A3A2-4F92F444927B}"
EndProject
Project("{FAE04EC0-301F-11D3-BF4B-00C04F79EFBC}") = "Domain", "Domain\Domain.csproj", "{058772BD-0D2E-4A2E-BF4F-D41EDA47B5BA}"
EndProject
Global
	GlobalSection(SolutionConfigurationPlatforms) = preSolution
		Debug|Any CPU = Debug|Any CPU
		Debug|x64 = Debug|x64
		Debug|x86 = Debug|x86
		Release|Any CPU = Release|Any CPU
		Release|x64 = Release|x64
		Release|x86 = Release|x86
	EndGlobalSection
	GlobalSection(SolutionProperties) = preSolution
		HideSolutionNode = FALSE
	EndGlobalSection
	GlobalSection(ProjectConfigurationPlatforms) = postSolution
		{CEB5C13B-80F1-4FD9-B00D-A94C1A791DC5}.Debug|Any CPU.ActiveCfg = Debug|Any CPU
		{CEB5C13B-80F1-4FD9-B00D-A94C1A791DC5}.Debug|Any CPU.Build.0 = Debug|Any CPU
		{CEB5C13B-80F1-4FD9-B00D-A94C1A791DC5}.Debug|x64.ActiveCfg = Debug|Any CPU
		{CEB5C13B-80F1-4FD9-B00D-A94C1A791DC5}.Debug|x64.Build.0 = Debug|Any CPU
		{CEB5C13B-80F1-4FD9-B00D-A94C1A791DC5}.Debug|x86.ActiveCfg = Debug|Any CPU
		{CEB5C13B-80F1-4FD9-B00D-A94C1A791DC5}.Debug|x86.Build.0 = Debug|Any CPU
		{CEB5C13B-80F1-4FD9-B00D-A94C1A791DC5}.Release|Any CPU.ActiveCfg = Release|Any CPU
		{CEB5C13B-80F1-4FD9-B00D-A94C1A791DC5}.Release|Any CPU.Build.0 = Release|Any CPU
		{CEB5C13B-80F1-4FD9-B00D-A94C1A791DC5}.Release|x64.ActiveCfg = Release|Any CPU
		{CEB5C13B-80F1-4FD9-B00D-A94C1A791DC5}.Release|x64.Build.0 = Release|Any CPU
		{CEB5C13B-80F1-4FD9-B00D-A94C1A791DC5}.Release|x86.ActiveCfg = Release|Any CPU
		{CEB5C13B-80F1-4FD9-B00D-A94C1A791DC5}.Release|x86.Build.0 = Release|Any CPU
		{6181EB76-0055-4349-9F17-FDBB686A2170}.Debug|Any CPU.ActiveCfg = Debug|Any CPU
		{6181EB76-0055-4349-9F17-FDBB686A2170}.Debug|Any CPU.Build.0 = Debug|Any CPU
		{6181EB76-0055-4349-9F17-FDBB686A2170}.Debug|x64.ActiveCfg = Debug|Any CPU
		{6181EB76-0055-4349-9F17-FDBB686A2170}.Debug|x64.Build.0 = Debug|Any CPU
		{6181EB76-0055-4349-9F17-FDBB686A2170}.Debug|x86.ActiveCfg = Debug|Any CPU
		{6181EB76-0055-4349-9F17-FDBB686A2170}.Debug|x86.Build.0 = Debug|Any CPU
		{6181EB76-0055-4349-9F17-FDBB686A2170}.Release|Any CPU.ActiveCfg = Release|Any CPU
		{6181EB76-0055-4349-9F17-FDBB686A2170}.Release|Any CPU.Build.0 = Release|Any CPU
		{6181EB76-0055-4349-9F17-FDBB686A2170}.Release|x64.ActiveCfg = Release|Any CPU
		{6181EB76-0055-4349-9F17-FDBB686A2170}.Release|x64.Build.0 = Release|Any CPU
		{6181EB76-0055-4349-9F17-FDBB686A2170}.Release|x86.ActiveCfg = Release|Any CPU
		{6181EB76-0055-4349-9F17-FDBB686A2170}.Release|x86.Build.0 = Release|Any CPU
		{5D12F68E-B2C2-4ECB-A3A2-4F92F444927B}.Debug|Any CPU.ActiveCfg = Debug|Any CPU
		{5D12F68E-B2C2-4ECB-A3A2-4F92F444927B}.Debug|Any CPU.Build.0 = Debug|Any CPU
		{5D12F68E-B2C2-4ECB-A3A2-4F92F444927B}.Debug|x64.ActiveCfg = Debug|Any CPU
		{5D12F68E-B2C2-4ECB-A3A2-4F92F444927B}.Debug|x64.Build.0 = Debug|Any CPU
		{5D12F68E-B2C2-4ECB-A3A2-4F92F444927B}.Debug|x86.ActiveCfg = Debug|Any CPU
		{5D12F68E-B2C2-4ECB-A3A2-4F92F444927B}.Debug|x86.Build.0 = Debug|Any CPU
		{5D12F68E-B2C2-4ECB-A3A2-4F92F444927B}.Release|Any CPU.ActiveCfg = Release|Any CPU
		{5D12F68E-B2C2-4ECB-A3A2-4F92F444927B}.Release|Any CPU.Build.0 = Release|Any CPU
		{5D12F68E-B2C2-4ECB-A3A2-4F92F444927B}.Release|x64.ActiveCfg = Release|Any CPU
		{5D12F68E-B2C2-4ECB-A3A2-4F92F444927B}.Release|x64.Build.0 = Release|Any CPU
		{5D12F68E-B2C2-4ECB-A3A2-4F92F444927B}.Release|x86.ActiveCfg = Release|Any CPU
		{5D12F68E-B2C2-4ECB-A3A2-4F92F444927B}.Release|x86.Build.0 = Release|Any CPU
		{058772BD-0D2E-4A2E-BF4F-D41EDA47B5BA}.Debug|Any CPU.ActiveCfg = Debug|Any CPU
		{058772BD-0D2E-4A2E-BF4F-D41EDA47B5BA}.Debug|Any CPU.Build.0 = Debug|Any CPU
		{058772BD-0D2E-4A2E-BF4F-D41EDA47B5BA}.Debug|x64.ActiveCfg = Debug|Any CPU
		{058772BD-0D2E-4A2E-BF4F-D41EDA47B5BA}.Debug|x64.Build.0 = Debug|Any CPU
		{058772BD-0D2E-4A2E-BF4F-D41EDA47B5BA}.Debug|x86.ActiveCfg = Debug|Any CPU
		{058772BD-0D2E-4A2E-BF4F-D41EDA47B5BA}.Debug|x86.Build.0 = Debug|Any CPU
		{058772BD-0D2E-4A2E-BF4F-D41EDA47B5BA}.Release|Any CPU.ActiveCfg = Release|Any CPU
		{058772BD-0D2E-4A2E-BF4F-D41EDA47B5BA}.Release|Any CPU.Build.0 = Release|Any CPU
		{058772BD-0D2E-4A2E-BF4F-D41EDA47B5BA}.Release|x64.ActiveCfg = Release|Any CPU
		{058772BD-0D2E-4A2E-BF4F-D41EDA47B5BA}.Release|x64.Build.0 = Release|Any CPU
		{058772BD-0D2E-4A2E-BF4F-D41EDA47B5BA}.Release|x86.ActiveCfg = Release|Any CPU
		{058772BD-0D2E-4A2E-BF4F-D41EDA47B5BA}.Release|x86.Build.0 = Release|Any CPU
	EndGlobalSection
EndGlobal
